<?xml version="1.0" encoding="utf-8"?>
<Project ToolsVersion="4.0" xmlns="http://schemas.microsoft.com/developer/msbuild/2003">
  <ItemGroup>
    <Filter Include="Source Files">
      <UniqueIdentifier>{4FC737F1-C7A5-4376-A066-2A32D752A2FF}</UniqueIdentifier>
      <Extensions>cpp;c;cc;cxx;def;odl;idl;hpj;bat;asm;asmx</Extensions>
    </Filter>
    <Filter Include="Header Files">
      <UniqueIdentifier>{93995380-89BD-4b04-88EB-625FBE52EBFB}</UniqueIdentifier>
      <Extensions>h;hh;hpp;hxx;hm;inl;inc;xsd</Extensions>
    </Filter>
    <Filter Include="Resource Files">
      <UniqueIdentifier>{67DA6AB6-F800-4c08-8B7A-83BB121AAD01}</UniqueIdentifier>
      <Extensions>rc;ico;cur;bmp;dlg;rc2;rct;bin;rgs;gif;jpg;jpeg;jpe;resx;tiff;tif;png;wav;mfcribbon-ms</Extensions>
    </Filter>
    <Filter Include="Source Files\imgui">
      <UniqueIdentifier>{66406dd0-6268-48cb-829a-7c52816e9304}</UniqueIdentifier>
    </Filter>
  </ItemGroup>
  <ItemGroup>
    <ClCompile Include="main.cpp">
      <Filter>Source Files</Filter>
    </ClCompile>
    <ClCompile Include="logger.cpp">
      <Filter>Source Files</Filter>
    </ClCompile>
    <ClCompile Include="ShaderProgram.cpp">
      <Filter>Source Files</Filter>
    </ClCompile>
    <ClCompile Include="GLWindow.cpp">
      <Filter>Source Files</Filter>
    </ClCompile>
    <ClCompile Include="Timer.cpp">
      <Filter>Source Files</Filter>
    </ClCompile>
    <ClCompile Include="Camera.cpp">
      <Filter>Source Files</Filter>
    </ClCompile>
    <ClCompile Include="imgui\imgui.cpp">
      <Filter>Source Files\imgui</Filter>
    </ClCompile>
    <ClCompile Include="imgui\imgui_demo.cpp">
      <Filter>Source Files\imgui</Filter>
    </ClCompile>
    <ClCompile Include="imgui\imgui_draw.cpp">
      <Filter>Source Files\imgui</Filter>
    </ClCompile>
    <ClCompile Include="imgui\imgui_impl_sdl_gl3.cpp">
      <Filter>Source Files\imgui</Filter>
    </ClCompile>
    <ClCompile Include="Cube.cpp">
      <Filter>Source Files</Filter>
    </ClCompile>
    <ClCompile Include="Mesh.cpp">
      <Filter>Source Files</Filter>
    </ClCompile>
    <ClCompile Include="ObjParser.cpp">
      <Filter>Source Files</Filter>
    </ClCompile>
    <ClCompile Include="Model.cpp">
      <Filter>Source Files</Filter>
    </ClCompile>
    <ClCompile Include="Object.cpp">
      <Filter>Source Files</Filter>
    </ClCompile>
    <ClCompile Include="Scene.cpp">
      <Filter>Source Files</Filter>
    </ClCompile>
    <ClCompile Include="ResourceManager.cpp">
      <Filter>Source Files</Filter>
    </ClCompile>
  </ItemGroup>
  <ItemGroup>
    <ClInclude Include="logger.h">
      <Filter>Source Files</Filter>
    </ClInclude>
    <ClInclude Include="ShaderProgram.h">
      <Filter>Source Files</Filter>
    </ClInclude>
    <ClInclude Include="GLWindow.h">
      <Filter>Source Files</Filter>
    </ClInclude>
    <ClInclude Include="Timer.h">
      <Filter>Source Files</Filter>
    </ClInclude>
    <ClInclude Include="Camera.h">
      <Filter>Source Files</Filter>
    </ClInclude>
    <ClInclude Include="imgui\imconfig.h">
      <Filter>Source Files\imgui</Filter>
    </ClInclude>
    <ClInclude Include="imgui\imgui.h">
      <Filter>Source Files\imgui</Filter>
    </ClInclude>
    <ClInclude Include="imgui\imgui_impl_sdl_gl3.h">
      <Filter>Source Files\imgui</Filter>
    </ClInclude>
    <ClInclude Include="imgui\imgui_internal.h">
      <Filter>Source Files\imgui</Filter>
    </ClInclude>
    <ClInclude Include="imgui\stb_rect_pack.h">
      <Filter>Source Files\imgui</Filter>
    </ClInclude>
    <ClInclude Include="imgui\stb_textedit.h">
      <Filter>Source Files\imgui</Filter>
    </ClInclude>
    <ClInclude Include="imgui\stb_truetype.h">
      <Filter>Source Files\imgui</Filter>
    </ClInclude>
    <ClInclude Include="Cube.h">
      <Filter>Source Files</Filter>
    </ClInclude>
    <ClInclude Include="Mesh.h">
      <Filter>Header Files</Filter>
    </ClInclude>
    <ClInclude Include="ObjParser.h">
      <Filter>Header Files</Filter>
    </ClInclude>
    <ClInclude Include="Model.h">
      <Filter>Header Files</Filter>
    </ClInclude>
    <ClInclude Include="Object.h">
      <Filter>Header Files</Filter>
    </ClInclude>
    <ClInclude Include="Scene.h">
      <Filter>Header Files</Filter>
    </ClInclude>
    <ClInclude Include="ResourceManager.h">
      <Filter>Header Files</Filter>
    </ClInclude>
  </ItemGroup>
  <ItemGroup>
    <Text Include="readme.txt">
      <Filter>Source Files</Filter>
    </Text>
  </ItemGroup>
  <ItemGroup>
    <Image Include="res\awesomeface.png">
      <Filter>Resource Files</Filter>
    </Image>
    <Image Include="res\wall.jpg">
      <Filter>Resource Files</Filter>
    </Image>
  </ItemGroup>
  <ItemGroup>
    <None Include="res\lamp.f.glsl">
      <Filter>Resource Files</Filter>
    </None>
    <None Include="res\lamp.v.glsl">
      <Filter>Resource Files</Filter>
    </None>
    <None Include="res\shader.f.glsl">
      <Filter>Resource Files</Filter>
    </None>
    <None Include="res\shader.v.glsl">
      <Filter>Resource Files</Filter>
    </None>
    <None Include="res\mesh.v.glsl" />
    <None Include="res\mesh.f.glsl" />
    <None Include="res\bbox.v.glsl" />
    <None Include="res\bbox.f.glsl" />
  </ItemGroup>
</Project>